// !$*UTF8*$!
{
	archiveVersion = 1;
	classes = {
	};
	objectVersion = 50;
	objects = {

/* Begin PBXBuildFile section */
		2BE6CBED20C6E0E000ACC048 /* AppDelegate.swift in Sources */ = {isa = PBXBuildFile; fileRef = 2BE6CBEC20C6E0E000ACC048 /* AppDelegate.swift */; };
		2BE6CBEF20C6E0E000ACC048 /* ViewController.swift in Sources */ = {isa = PBXBuildFile; fileRef = 2BE6CBEE20C6E0E000ACC048 /* ViewController.swift */; };
		2BE6CBF220C6E0E000ACC048 /* Main.storyboard in Resources */ = {isa = PBXBuildFile; fileRef = 2BE6CBF020C6E0E000ACC048 /* Main.storyboard */; };
		2BE6CBF420C6E0E200ACC048 /* Assets.xcassets in Resources */ = {isa = PBXBuildFile; fileRef = 2BE6CBF320C6E0E200ACC048 /* Assets.xcassets */; };
		2BE6CBF720C6E0E200ACC048 /* LaunchScreen.storyboard in Resources */ = {isa = PBXBuildFile; fileRef = 2BE6CBF520C6E0E200ACC048 /* LaunchScreen.storyboard */; };
		2BE6CC0220C6E0E200ACC048 /* pixelPlantsTests.swift in Sources */ = {isa = PBXBuildFile; fileRef = 2BE6CC0120C6E0E200ACC048 /* pixelPlantsTests.swift */; };
		2BE6CC0D20C6E0E200ACC048 /* pixelPlantsUITests.swift in Sources */ = {isa = PBXBuildFile; fileRef = 2BE6CC0C20C6E0E200ACC048 /* pixelPlantsUITests.swift */; };
/* End PBXBuildFile section */

/* Begin PBXContainerItemProxy section */
		2BE6CBFE20C6E0E200ACC048 /* PBXContainerItemProxy */ = {
			isa = PBXContainerItemProxy;
			containerPortal = 2BE6CBE120C6E0E000ACC048 /* Project object */;
			proxyType = 1;
			remoteGlobalIDString = 2BE6CBE820C6E0E000ACC048;
			remoteInfo = pixelPlants;
		};
		2BE6CC0920C6E0E200ACC048 /* PBXContainerItemProxy */ = {
			isa = PBXContainerItemProxy;
			containerPortal = 2BE6CBE120C6E0E000ACC048 /* Project object */;
			proxyType = 1;
			remoteGlobalIDString = 2BE6CBE820C6E0E000ACC048;
			remoteInfo = pixelPlants;
		};
/* End PBXContainerItemProxy section */

/* Begin PBXFileReference section */
		2BE6CBE920C6E0E000ACC048 /* pixelPlants.app */ = {isa = PBXFileReference; explicitFileType = wrapper.application; includeInIndex = 0; path = pixelPlants.app; sourceTree = BUILT_PRODUCTS_DIR; };
		2BE6CBEC20C6E0E000ACC048 /* AppDelegate.swift */ = {isa = PBXFileReference; lastKnownFileType = sourcecode.swift; path = AppDelegate.swift; sourceTree = "<group>"; };
		2BE6CBEE20C6E0E000ACC048 /* ViewController.swift */ = {isa = PBXFileReference; lastKnownFileType = sourcecode.swift; path = ViewController.swift; sourceTree = "<group>"; };
		2BE6CBF120C6E0E000ACC048 /* Base */ = {isa = PBXFileReference; lastKnownFileType = file.storyboard; name = Base; path = Base.lproj/Main.storyboard; sourceTree = "<group>"; };
		2BE6CBF320C6E0E200ACC048 /* Assets.xcassets */ = {isa = PBXFileReference; lastKnownFileType = folder.assetcatalog; path = Assets.xcassets; sourceTree = "<group>"; };
		2BE6CBF620C6E0E200ACC048 /* Base */ = {isa = PBXFileReference; lastKnownFileType = file.storyboard; name = Base; path = Base.lproj/LaunchScreen.storyboard; sourceTree = "<group>"; };
		2BE6CBF820C6E0E200ACC048 /* Info.plist */ = {isa = PBXFileReference; lastKnownFileType = text.plist.xml; path = Info.plist; sourceTree = "<group>"; };
		2BE6CBFD20C6E0E200ACC048 /* pixelPlantsTests.xctest */ = {isa = PBXFileReference; explicitFileType = wrapper.cfbundle; includeInIndex = 0; path = pixelPlantsTests.xctest; sourceTree = BUILT_PRODUCTS_DIR; };
		2BE6CC0120C6E0E200ACC048 /* pixelPlantsTests.swift */ = {isa = PBXFileReference; lastKnownFileType = sourcecode.swift; path = pixelPlantsTests.swift; sourceTree = "<group>"; };
		2BE6CC0320C6E0E200ACC048 /* Info.plist */ = {isa = PBXFileReference; lastKnownFileType = text.plist.xml; path = Info.plist; sourceTree = "<group>"; };
		2BE6CC0820C6E0E200ACC048 /* pixelPlantsUITests.xctest */ = {isa = PBXFileReference; explicitFileType = wrapper.cfbundle; includeInIndex = 0; path = pixelPlantsUITests.xctest; sourceTree = BUILT_PRODUCTS_DIR; };
		2BE6CC0C20C6E0E200ACC048 /* pixelPlantsUITests.swift */ = {isa = PBXFileReference; lastKnownFileType = sourcecode.swift; path = pixelPlantsUITests.swift; sourceTree = "<group>"; };
		2BE6CC0E20C6E0E200ACC048 /* Info.plist */ = {isa = PBXFileReference; lastKnownFileType = text.plist.xml; path = Info.plist; sourceTree = "<group>"; };
/* End PBXFileReference section */

/* Begin PBXFrameworksBuildPhase section */
		2BE6CBE620C6E0E000ACC048 /* Frameworks */ = {
			isa = PBXFrameworksBuildPhase;
			buildActionMask = 2147483647;
			files = (
			);
			runOnlyForDeploymentPostprocessing = 0;
		};
		2BE6CBFA20C6E0E200ACC048 /* Frameworks */ = {
			isa = PBXFrameworksBuildPhase;
			buildActionMask = 2147483647;
			files = (
			);
			runOnlyForDeploymentPostprocessing = 0;
		};
		2BE6CC0520C6E0E200ACC048 /* Frameworks */ = {
			isa = PBXFrameworksBuildPhase;
			buildActionMask = 2147483647;
			files = (
			);
			runOnlyForDeploymentPostprocessing = 0;
		};
/* End PBXFrameworksBuildPhase section */

/* Begin PBXGroup section */
		2BE6CBE020C6E0E000ACC048 = {
			isa = PBXGroup;
			children = (
				2BE6CBEB20C6E0E000ACC048 /* pixelPlants */,
				2BE6CC0020C6E0E200ACC048 /* pixelPlantsTests */,
				2BE6CC0B20C6E0E200ACC048 /* pixelPlantsUITests */,
				2BE6CBEA20C6E0E000ACC048 /* Products */,
			);
			sourceTree = "<group>";
		};
		2BE6CBEA20C6E0E000ACC048 /* Products */ = {
			isa = PBXGroup;
			children = (
				2BE6CBE920C6E0E000ACC048 /* pixelPlants.app */,
				2BE6CBFD20C6E0E200ACC048 /* pixelPlantsTests.xctest */,
				2BE6CC0820C6E0E200ACC048 /* pixelPlantsUITests.xctest */,
			);
			name = Products;
			sourceTree = "<group>";
		};
		2BE6CBEB20C6E0E000ACC048 /* pixelPlants */ = {
			isa = PBXGroup;
			children = (
				2BE6CBEC20C6E0E000ACC048 /* AppDelegate.swift */,
				2BE6CBEE20C6E0E000ACC048 /* ViewController.swift */,
				2BE6CBF020C6E0E000ACC048 /* Main.storyboard */,
				2BE6CBF320C6E0E200ACC048 /* Assets.xcassets */,
				2BE6CBF520C6E0E200ACC048 /* LaunchScreen.storyboard */,
				2BE6CBF820C6E0E200ACC048 /* Info.plist */,
			);
			path = pixelPlants;
			sourceTree = "<group>";
		};
		2BE6CC0020C6E0E200ACC048 /* pixelPlantsTests */ = {
			isa = PBXGroup;
			children = (
				2BE6CC0120C6E0E200ACC048 /* pixelPlantsTests.swift */,
				2BE6CC0320C6E0E200ACC048 /* Info.plist */,
			);
			path = pixelPlantsTests;
			sourceTree = "<group>";
		};
		2BE6CC0B20C6E0E200ACC048 /* pixelPlantsUITests */ = {
			isa = PBXGroup;
			children = (
				2BE6CC0C20C6E0E200ACC048 /* pixelPlantsUITests.swift */,
				2BE6CC0E20C6E0E200ACC048 /* Info.plist */,
			);
			path = pixelPlantsUITests;
			sourceTree = "<group>";
		};
/* End PBXGroup section */

/* Begin PBXNativeTarget section */
		2BE6CBE820C6E0E000ACC048 /* pixelPlants */ = {
			isa = PBXNativeTarget;
			buildConfigurationList = 2BE6CC1120C6E0E200ACC048 /* Build configuration list for PBXNativeTarget "pixelPlants" */;
			buildPhases = (
				2BE6CBE520C6E0E000ACC048 /* Sources */,
				2BE6CBE620C6E0E000ACC048 /* Frameworks */,
				2BE6CBE720C6E0E000ACC048 /* Resources */,
			);
			buildRules = (
			);
			dependencies = (
			);
			name = pixelPlants;
			productName = pixelPlants;
			productReference = 2BE6CBE920C6E0E000ACC048 /* pixelPlants.app */;
			productType = "com.apple.product-type.application";
		};
		2BE6CBFC20C6E0E200ACC048 /* pixelPlantsTests */ = {
			isa = PBXNativeTarget;
			buildConfigurationList = 2BE6CC1420C6E0E200ACC048 /* Build configuration list for PBXNativeTarget "pixelPlantsTests" */;
			buildPhases = (
				2BE6CBF920C6E0E200ACC048 /* Sources */,
				2BE6CBFA20C6E0E200ACC048 /* Frameworks */,
				2BE6CBFB20C6E0E200ACC048 /* Resources */,
			);
			buildRules = (
			);
			dependencies = (
				2BE6CBFF20C6E0E200ACC048 /* PBXTargetDependency */,
			);
			name = pixelPlantsTests;
			productName = pixelPlantsTests;
			productReference = 2BE6CBFD20C6E0E200ACC048 /* pixelPlantsTests.xctest */;
			productType = "com.apple.product-type.bundle.unit-test";
		};
		2BE6CC0720C6E0E200ACC048 /* pixelPlantsUITests */ = {
			isa = PBXNativeTarget;
			buildConfigurationList = 2BE6CC1720C6E0E200ACC048 /* Build configuration list for PBXNativeTarget "pixelPlantsUITests" */;
			buildPhases = (
				2BE6CC0420C6E0E200ACC048 /* Sources */,
				2BE6CC0520C6E0E200ACC048 /* Frameworks */,
				2BE6CC0620C6E0E200ACC048 /* Resources */,
			);
			buildRules = (
			);
			dependencies = (
				2BE6CC0A20C6E0E200ACC048 /* PBXTargetDependency */,
			);
			name = pixelPlantsUITests;
			productName = pixelPlantsUITests;
			productReference = 2BE6CC0820C6E0E200ACC048 /* pixelPlantsUITests.xctest */;
			productType = "com.apple.product-type.bundle.ui-testing";
		};
/* End PBXNativeTarget section */

/* Begin PBXProject section */
		2BE6CBE120C6E0E000ACC048 /* Project object */ = {
			isa = PBXProject;
			attributes = {
				LastSwiftUpdateCheck = 0940;
				LastUpgradeCheck = 0940;
				ORGANIZATIONNAME = "Hanna Dodd";
				TargetAttributes = {
					2BE6CBE820C6E0E000ACC048 = {
						CreatedOnToolsVersion = 9.4;
					};
					2BE6CBFC20C6E0E200ACC048 = {
						CreatedOnToolsVersion = 9.4;
						TestTargetID = 2BE6CBE820C6E0E000ACC048;
					};
					2BE6CC0720C6E0E200ACC048 = {
						CreatedOnToolsVersion = 9.4;
						TestTargetID = 2BE6CBE820C6E0E000ACC048;
					};
				};
			};
			buildConfigurationList = 2BE6CBE420C6E0E000ACC048 /* Build configuration list for PBXProject "pixelPlants" */;
			compatibilityVersion = "Xcode 9.3";
			developmentRegion = en;
			hasScannedForEncodings = 0;
			knownRegions = (
				en,
				Base,
			);
			mainGroup = 2BE6CBE020C6E0E000ACC048;
			productRefGroup = 2BE6CBEA20C6E0E000ACC048 /* Products */;
			projectDirPath = "";
			projectRoot = "";
			targets = (
				2BE6CBE820C6E0E000ACC048 /* pixelPlants */,
				2BE6CBFC20C6E0E200ACC048 /* pixelPlantsTests */,
				2BE6CC0720C6E0E200ACC048 /* pixelPlantsUITests */,
			);
		};
/* End PBXProject section */

/* Begin PBXResourcesBuildPhase section */
		2BE6CBE720C6E0E000ACC048 /* Resources */ = {
			isa = PBXResourcesBuildPhase;
			buildActionMask = 2147483647;
			files = (
				2BE6CBF720C6E0E200ACC048 /* LaunchScreen.storyboard in Resources */,
				2BE6CBF420C6E0E200ACC048 /* Assets.xcassets in Resources */,
				2BE6CBF220C6E0E000ACC048 /* Main.storyboard in Resources */,
			);
			runOnlyForDeploymentPostprocessing = 0;
		};
		2BE6CBFB20C6E0E200ACC048 /* Resources */ = {
			isa = PBXResourcesBuildPhase;
			buildActionMask = 2147483647;
			files = (
			);
			runOnlyForDeploymentPostprocessing = 0;
		};
		2BE6CC0620C6E0E200ACC048 /* Resources */ = {
			isa = PBXResourcesBuildPhase;
			buildActionMask = 2147483647;
			files = (
			);
			runOnlyForDeploymentPostprocessing = 0;
		};
/* End PBXResourcesBuildPhase section */

/* Begin PBXSourcesBuildPhase section */
		2BE6CBE520C6E0E000ACC048 /* Sources */ = {
			isa = PBXSourcesBuildPhase;
			buildActionMask = 2147483647;
			files = (
				2BE6CBEF20C6E0E000ACC048 /* ViewController.swift in Sources */,
				2BE6CBED20C6E0E000ACC048 /* AppDelegate.swift in Sources */,
			);
			runOnlyForDeploymentPostprocessing = 0;
		};
		2BE6CBF920C6E0E200ACC048 /* Sources */ = {
			isa = PBXSourcesBuildPhase;
			buildActionMask = 2147483647;
			files = (
				2BE6CC0220C6E0E200ACC048 /* pixelPlantsTests.swift in Sources */,
			);
			runOnlyForDeploymentPostprocessing = 0;
		};
		2BE6CC0420C6E0E200ACC048 /* Sources */ = {
			isa = PBXSourcesBuildPhase;
			buildActionMask = 2147483647;
			files = (
				2BE6CC0D20C6E0E200ACC048 /* pixelPlantsUITests.swift in Sources */,
			);
			runOnlyForDeploymentPostprocessing = 0;
		};
/* End PBXSourcesBuildPhase section */

/* Begin PBXTargetDependency section */
		2BE6CBFF20C6E0E200ACC048 /* PBXTargetDependency */ = {
			isa = PBXTargetDependency;
			target = 2BE6CBE820C6E0E000ACC048 /* pixelPlants */;
			targetProxy = 2BE6CBFE20C6E0E200ACC048 /* PBXContainerItemProxy */;
		};
		2BE6CC0A20C6E0E200ACC048 /* PBXTargetDependency */ = {
			isa = PBXTargetDependency;
			target = 2BE6CBE820C6E0E000ACC048 /* pixelPlants */;
			targetProxy = 2BE6CC0920C6E0E200ACC048 /* PBXContainerItemProxy */;
		};
/* End PBXTargetDependency section */

/* Begin PBXVariantGroup section */
		2BE6CBF020C6E0E000ACC048 /* Main.storyboard */ = {
			isa = PBXVariantGroup;
			children = (
				2BE6CBF120C6E0E000ACC048 /* Base */,
			);
			name = Main.storyboard;
			sourceTree = "<group>";
		};
		2BE6CBF520C6E0E200ACC048 /* LaunchScreen.storyboard */ = {
			isa = PBXVariantGroup;
			children = (
				2BE6CBF620C6E0E200ACC048 /* Base */,
			);
			name = LaunchScreen.storyboard;
			sourceTree = "<group>";
		};
/* End PBXVariantGroup section */

/* Begin XCBuildConfiguration section */
		2BE6CC0F20C6E0E200ACC048 /* Debug */ = {
			isa = XCBuildConfiguration;
			buildSettings = {
				ALWAYS_SEARCH_USER_PATHS = NO;
				CLANG_ANALYZER_NONNULL = YES;
				CLANG_ANALYZER_NUMBER_OBJECT_CONVERSION = YES_AGGRESSIVE;
				CLANG_CXX_LANGUAGE_STANDARD = "gnu++14";
				CLANG_CXX_LIBRARY = "libc++";
				CLANG_ENABLE_MODULES = YES;
				CLANG_ENABLE_OBJC_ARC = YES;
				CLANG_ENABLE_OBJC_WEAK = YES;
				CLANG_WARN_BLOCK_CAPTURE_AUTORELEASING = YES;
				CLANG_WARN_BOOL_CONVERSION = YES;
				CLANG_WARN_COMMA = YES;
				CLANG_WARN_CONSTANT_CONVERSION = YES;
				CLANG_WARN_DEPRECATED_OBJC_IMPLEMENTATIONS = YES;
				CLANG_WARN_DIRECT_OBJC_ISA_USAGE = YES_ERROR;
				CLANG_WARN_DOCUMENTATION_COMMENTS = YES;
				CLANG_WARN_EMPTY_BODY = YES;
				CLANG_WARN_ENUM_CONVERSION = YES;
				CLANG_WARN_INFINITE_RECURSION = YES;
				CLANG_WARN_INT_CONVERSION = YES;
				CLANG_WARN_NON_LITERAL_NULL_CONVERSION = YES;
				CLANG_WARN_OBJC_IMPLICIT_RETAIN_SELF = YES;
				CLANG_WARN_OBJC_LITERAL_CONVERSION = YES;
				CLANG_WARN_OBJC_ROOT_CLASS = YES_ERROR;
				CLANG_WARN_RANGE_LOOP_ANALYSIS = YES;
				CLANG_WARN_STRICT_PROTOTYPES = YES;
				CLANG_WARN_SUSPICIOUS_MOVE = YES;
				CLANG_WARN_UNGUARDED_AVAILABILITY = YES_AGGRESSIVE;
				CLANG_WARN_UNREACHABLE_CODE = YES;
				CLANG_WARN__DUPLICATE_METHOD_MATCH = YES;
				CODE_SIGN_IDENTITY = "iPhone Developer";
				COPY_PHASE_STRIP = NO;
				DEBUG_INFORMATION_FORMAT = dwarf;
				ENABLE_STRICT_OBJC_MSGSEND = YES;
				ENABLE_TESTABILITY = YES;
				GCC_C_LANGUAGE_STANDARD = gnu11;
				GCC_DYNAMIC_NO_PIC = NO;
				GCC_NO_COMMON_BLOCKS = YES;
				GCC_OPTIMIZATION_LEVEL = 0;
				GCC_PREPROCESSOR_DEFINITIONS = (
					"DEBUG=1",
					"$(inherited)",
				);
				GCC_WARN_64_TO_32_BIT_CONVERSION = YES;
				GCC_WARN_ABOUT_RETURN_TYPE = YES_ERROR;
				GCC_WARN_UNDECLARED_SELECTOR = YES;
				GCC_WARN_UNINITIALIZED_AUTOS = YES_AGGRESSIVE;
				GCC_WARN_UNUSED_FUNCTION = YES;
				GCC_WARN_UNUSED_VARIABLE = YES;
				IPHONEOS_DEPLOYMENT_TARGET = 11.4;
				MTL_ENABLE_DEBUG_INFO = YES;
				ONLY_ACTIVE_ARCH = YES;
				SDKROOT = iphoneos;
				SWIFT_ACTIVE_COMPILATION_CONDITIONS = DEBUG;
				SWIFT_OPTIMIZATION_LEVEL = "-Onone";
			};
			name = Debug;
		};
		2BE6CC1020C6E0E200ACC048 /* Release */ = {
			isa = XCBuildConfiguration;
			buildSettings = {
				ALWAYS_SEARCH_USER_PATHS = NO;
				CLANG_ANALYZER_NONNULL = YES;
				CLANG_ANALYZER_NUMBER_OBJECT_CONVERSION = YES_AGGRESSIVE;
				CLANG_CXX_LANGUAGE_STANDARD = "gnu++14";
				CLANG_CXX_LIBRARY = "libc++";
				CLANG_ENABLE_MODULES = YES;
				CLANG_ENABLE_OBJC_ARC = YES;
				CLANG_ENABLE_OBJC_WEAK = YES;
				CLANG_WARN_BLOCK_CAPTURE_AUTORELEASING = YES;
				CLANG_WARN_BOOL_CONVERSION = YES;
				CLANG_WARN_COMMA = YES;
				CLANG_WARN_CONSTANT_CONVERSION = YES;
				CLANG_WARN_DEPRECATED_OBJC_IMPLEMENTATIONS = YES;
				CLANG_WARN_DIRECT_OBJC_ISA_USAGE = YES_ERROR;
				CLANG_WARN_DOCUMENTATION_COMMENTS = YES;
				CLANG_WARN_EMPTY_BODY = YES;
				CLANG_WARN_ENUM_CONVERSION = YES;
				CLANG_WARN_INFINITE_RECURSION = YES;
				CLANG_WARN_INT_CONVERSION = YES;
				CLANG_WARN_NON_LITERAL_NULL_CONVERSION = YES;
				CLANG_WARN_OBJC_IMPLICIT_RETAIN_SELF = YES;
				CLANG_WARN_OBJC_LITERAL_CONVERSION = YES;
				CLANG_WARN_OBJC_ROOT_CLASS = YES_ERROR;
				CLANG_WARN_RANGE_LOOP_ANALYSIS = YES;
				CLANG_WARN_STRICT_PROTOTYPES = YES;
				CLANG_WARN_SUSPICIOUS_MOVE = YES;
				CLANG_WARN_UNGUARDED_AVAILABILITY = YES_AGGRESSIVE;
				CLANG_WARN_UNREACHABLE_CODE = YES;
				CLANG_WARN__DUPLICATE_METHOD_MATCH = YES;
				CODE_SIGN_IDENTITY = "iPhone Developer";
				COPY_PHASE_STRIP = NO;
				DEBUG_INFORMATION_FORMAT = "dwarf-with-dsym";
				ENABLE_NS_ASSERTIONS = NO;
				ENABLE_STRICT_OBJC_MSGSEND = YES;
				GCC_C_LANGUAGE_STANDARD = gnu11;
				GCC_NO_COMMON_BLOCKS = YES;
				GCC_WARN_64_TO_32_BIT_CONVERSION = YES;
				GCC_WARN_ABOUT_RETURN_TYPE = YES_ERROR;
				GCC_WARN_UNDECLARED_SELECTOR = YES;
				GCC_WARN_UNINITIALIZED_AUTOS = YES_AGGRESSIVE;
				GCC_WARN_UNUSED_FUNCTION = YES;
				GCC_WARN_UNUSED_VARIABLE = YES;
				IPHONEOS_DEPLOYMENT_TARGET = 11.4;
				MTL_ENABLE_DEBUG_INFO = NO;
				SDKROOT = iphoneos;
				SWIFT_COMPILATION_MODE = wholemodule;
				SWIFT_OPTIMIZATION_LEVEL = "-O";
				VALIDATE_PRODUCT = YES;
			};
			name = Release;
		};
		2BE6CC1220C6E0E200ACC048 /* Debug */ = {
			isa = XCBuildConfiguration;
			buildSettings = {
				ASSETCATALOG_COMPILER_APPICON_NAME = AppIcon;
				CODE_SIGN_STYLE = Automatic;
				DEVELOPMENT_TEAM = 7F6746KQCL;
				INFOPLIST_FILE = pixelPlants/Info.plist;
				LD_RUNPATH_SEARCH_PATHS = (
					"$(inherited)",
					"@executable_path/Frameworks",
				);
				PRODUCT_BUNDLE_IDENTIFIER = "com.Hanna-Dodd.pixelPlants";
				PRODUCT_NAME = "$(TARGET_NAME)";
				SWIFT_VERSION = 4.0;
				TARGETED_DEVICE_FAMILY = "1,2";
			};
			name = Debug;
		};
		2BE6CC1320C6E0E200ACC048 /* Release */ = {
			isa = XCBuildConfiguration;
			buildSettings = {
				ASSETCATALOG_COMPILER_APPICON_NAME = AppIcon;
				CODE_SIGN_STYLE = Automatic;
				DEVELOPMENT_TEAM = 7F6746KQCL;
				INFOPLIST_FILE = pixelPlants/Info.plist;
				LD_RUNPATH_SEARCH_PATHS = (
					"$(inherited)",
					"@executable_path/Frameworks",
				);
				PRODUCT_BUNDLE_IDENTIFIER = "com.Hanna-Dodd.pixelPlants";
				PRODUCT_NAME = "$(TARGET_NAME)";
				SWIFT_VERSION = 4.0;
				TARGETED_DEVICE_FAMILY = "1,2";
			};
			name = Release;
		};
		2BE6CC1520C6E0E200ACC048 /* Debug */ = {
			isa = XCBuildConfiguration;
			buildSettings = {
				ALWAYS_EMBED_SWIFT_STANDARD_LIBRARIES = YES;
				BUNDLE_LOADER = "$(TEST_HOST)";
				CODE_SIGN_STYLE = Automatic;
				DEVELOPMENT_TEAM = 7F6746KQCL;
				INFOPLIST_FILE = pixelPlantsTests/Info.plist;
				LD_RUNPATH_SEARCH_PATHS = (
					"$(inherited)",
					"@executable_path/Frameworks",
					"@loader_path/Frameworks",
				);
				PRODUCT_BUNDLE_IDENTIFIER = "com.Hanna-Dodd.pixelPlantsTests";
				PRODUCT_NAME = "$(TARGET_NAME)";
				SWIFT_VERSION = 4.0;
				TARGETED_DEVICE_FAMILY = "1,2";
				TEST_HOST = "$(BUILT_PRODUCTS_DIR)/pixelPlants.app/pixelPlants";
			};
			name = Debug;
		};
		2BE6CC1620C6E0E200ACC048 /* Release */ = {
			isa = XCBuildConfiguration;
			buildSettings = {
				ALWAYS_EMBED_SWIFT_STANDARD_LIBRARIES = YES;
				BUNDLE_LOADER = "$(TEST_HOST)";
				CODE_SIGN_STYLE = Automatic;
				DEVELOPMENT_TEAM = 7F6746KQCL;
				INFOPLIST_FILE = pixelPlantsTests/Info.plist;
				LD_RUNPATH_SEARCH_PATHS = (
					"$(inherited)",
					"@executable_path/Frameworks",
					"@loader_path/Frameworks",
				);
				PRODUCT_BUNDLE_IDENTIFIER = "com.Hanna-Dodd.pixelPlantsTests";
				PRODUCT_NAME = "$(TARGET_NAME)";
				SWIFT_VERSION = 4.0;
				TARGETED_DEVICE_FAMILY = "1,2";
				TEST_HOST = "$(BUILT_PRODUCTS_DIR)/pixelPlants.app/pixelPlants";
			};
			name = Release;
		};
		2BE6CC1820C6E0E200ACC048 /* Debug */ = {
			isa = XCBuildConfiguration;
			buildSettings = {
				ALWAYS_EMBED_SWIFT_STANDARD_LIBRARIES = YES;
				CODE_SIGN_STYLE = Automatic;
				DEVELOPMENT_TEAM = 7F6746KQCL;
				INFOPLIST_FILE = pixelPlantsUITests/Info.plist;
				LD_RUNPATH_SEARCH_PATHS = (
					"$(inherited)",
					"@executable_path/Frameworks",
					"@loader_path/Frameworks",
				);
				PRODUCT_BUNDLE_IDENTIFIER = "com.Hanna-Dodd.pixelPlantsUITests";
				PRODUCT_NAME = "$(TARGET_NAME)";
				SWIFT_VERSION = 4.0;
				TARGETED_DEVICE_FAMILY = "1,2";
				TEST_TARGET_NAME = pixelPlants;
			};
			name = Debug;
		};
		2BE6CC1920C6E0E200ACC048 /* Release */ = {
			isa = XCBuildConfiguration;
			buildSettings = {
				ALWAYS_EMBED_SWIFT_STANDARD_LIBRARIES = YES;
				CODE_SIGN_STYLE = Automatic;
				DEVELOPMENT_TEAM = 7F6746KQCL;
				INFOPLIST_FILE = pixelPlantsUITests/Info.plist;
				LD_RUNPATH_SEARCH_PATHS = (
					"$(inherited)",
					"@executable_path/Frameworks",
					"@loader_path/Frameworks",
				);
				PRODUCT_BUNDLE_IDENTIFIER = "com.Hanna-Dodd.pixelPlantsUITests";
				PRODUCT_NAME = "$(TARGET_NAME)";
				SWIFT_VERSION = 4.0;
				TARGETED_DEVICE_FAMILY = "1,2";
				TEST_TARGET_NAME = pixelPlants;
			};
			name = Release;
		};
/* End XCBuildConfiguration section */

/* Begin XCConfigurationList section */
		2BE6CBE420C6E0E000ACC048 /* Build configuration list for PBXProject "pixelPlants" */ = {
			isa = XCConfigurationList;
			buildConfigurations = (
				2BE6CC0F20C6E0E200ACC048 /* Debug */,
				2BE6CC1020C6E0E200ACC048 /* Release */,
			);
			defaultConfigurationIsVisible = 0;
			defaultConfigurationName = Release;
		};
		2BE6CC1120C6E0E200ACC048 /* Build configuration list for PBXNativeTarget "pixelPlants" */ = {
			isa = XCConfigurationList;
			buildConfigurations = (
				2BE6CC1220C6E0E200ACC048 /* Debug */,
				2BE6CC1320C6E0E200ACC048 /* Release */,
			);
			defaultConfigurationIsVisible = 0;
			defaultConfigurationName = Release;
		};
		2BE6CC1420C6E0E200ACC048 /* Build configuration list for PBXNativeTarget "pixelPlantsTests" */ = {
			isa = XCConfigurationList;
			buildConfigurations = (
				2BE6CC1520C6E0E200ACC048 /* Debug */,
				2BE6CC1620C6E0E200ACC048 /* Release */,
			);
			defaultConfigurationIsVisible = 0;
			defaultConfigurationName = Release;
		};
		2BE6CC1720C6E0E200ACC048 /* Build configuration list for PBXNativeTarget "pixelPlantsUITests" */ = {
			isa = XCConfigurationList;
			buildConfigurations = (
				2BE6CC1820C6E0E200ACC048 /* Debug */,
				2BE6CC1920C6E0E200ACC048 /* Release */,
			);
			defaultConfigurationIsVisible = 0;
			defaultConfigurationName = Release;
		};
/* End XCConfigurationList section */
	};
	rootObject = 2BE6CBE120C6E0E000ACC048 /* Project object */;
}
